{
  "name": "07_instalando_modulo_pub",
  "version": "1.0.0",
  "lockfileVersion": 3,
  "requires": true,
  "packages": {
    "": {
      "name": "07_instalando_modulo_pub",
      "version": "1.0.0",
      "license": "ISC",
      "dependencies": {
        "@junior339/jgds": "^1.0.2"
      }
    },
    "node_modules/@junior339/jgds": {
      "version": "1.0.2",
      "resolved": "https://registry.npmjs.org/@junior339/jgds/-/jgds-1.0.2.tgz",
      "integrity": "sha512-T/SIEwSzU+l/a4hO+fXyicWFISNXBw5iSuSglN+LmBXZH9Gy8QJKpRGArdxW2tGgq+nXk4vhSaQbvvbG1jNfvA==",
      "license": "ISC"
    }
  }
}
